<?xml version="1.0" encoding="UTF-8" standalone="yes" ?>
<CodeBlocks_project_file>
	<FileVersion major="1" minor="6" />
	<Project>
		<Option title="DataAnalytics2.0" />
		<Option pch_mode="2" />
		<Option compiler="gcc" />
		<Build>
			<Target title="Debug">
				<Option output="bin/Debug/DataAnalytics2" prefix_auto="1" extension_auto="1" />
				<Option object_output="obj/Debug/" />
				<Option type="1" />
				<Option compiler="gcc" />
				<Compiler>
					<Add option="-g" />
					<Add directory="C:/Users/ctrek/Documents/Programming/C++/DataAnalytics2.0/include" />
				</Compiler>
			</Target>
			<Target title="Release">
				<Option output="bin/Release/DataAnalytics2" prefix_auto="1" extension_auto="1" />
				<Option object_output="obj/Release/" />
				<Option type="1" />
				<Option compiler="gcc" />
				<Compiler>
					<Add option="-O2" />
					<Add directory="C:/Users/ctrek/Documents/Programming/C++/DataAnalytics2.0/include" />
				</Compiler>
				<Linker>
					<Add option="-s" />
				</Linker>
			</Target>
		</Build>
		<Compiler>
			<Add option="-Wall" />
			<Add option="-fexceptions" />
		</Compiler>
		<Unit filename="include/ProgressBar.hpp" />
		<Unit filename="include/archive.h" />
		<Unit filename="include/args.hxx" />
		<Unit filename="include/config.h" />
		<Unit filename="include/data_analyzer.h" />
		<Unit filename="include/dataio.h" />
		<Unit filename="include/load.h" />
		<Unit filename="include/save.h" />
		<Unit filename="include/state.h" />
		<Unit filename="include/stream.h" />
		<Unit filename="include/timer.h" />
		<Unit filename="main.cpp" />
		<Unit filename="src/archive.cpp" />
		<Unit filename="src/data_analyzer.cpp" />
		<Unit filename="src/load.cpp" />
		<Unit filename="src/save.cpp" />
		<Unit filename="src/state.cpp" />
		<Unit filename="src/stream.cpp" />
		<Unit filename="src/timer.cpp" />
		<Extensions>
			<code_completion />
			<envvars />
			<debugger />
			<lib_finder disable_auto="1" />
		</Extensions>
	</Project>
</CodeBlocks_project_file>
